{
    "name": "jtexclient",
    "version": "0.0.1",
    "lockfileVersion": 2,
    "requires": true,
    "packages": {
        "": {
            "name": "jtexclient",
            "version": "0.0.1",
            "dependencies": {
                "jtex-core": "git://github.com/Jaybit0/JtexCore.git#dev"
            }
        },
        "node_modules/jtex-core": {
            "version": "0.0.1-alpha",
            "resolved": "git+ssh://git@github.com/Jaybit0/JtexCore.git#fb1238bece66d723cd00994d025788161424fe68",
            "license": "ISC"
        }
    },
    "dependencies": {
        "jtex-core": {
            "version": "git+ssh://git@github.com/Jaybit0/JtexCore.git#fb1238bece66d723cd00994d025788161424fe68",
            "from": "jtex-core@git://github.com/Jaybit0/JtexCore.git#dev"
        }
    }
}
